
Microsoft Visual Studio Solution File, Format Version 12.00
# Visual Studio Version 17
VisualStudioVersion = 17.5.33424.131
MinimumVisualStudioVersion = 10.0.40219.1
Project("{9A19103F-16F7-4668-BE54-9A1E7A4F7556}") = "M1S04_Ex4_ContaEmpresarial", "M1S04_Ex4_ContaEmpresarial\M1S04_Ex4_ContaEmpresarial.csproj", "{041B1294-A6AF-4225-B749-35432ED99779}"
EndProject
Global
	GlobalSection(SolutionConfigurationPlatforms) = preSolution
		Debug|Any CPU = Debug|Any CPU
		Release|Any CPU = Release|Any CPU
	EndGlobalSection
	GlobalSection(ProjectConfigurationPlatforms) = postSolution
		{041B1294-A6AF-4225-B749-35432ED99779}.Debug|Any CPU.ActiveCfg = Debug|Any CPU
		{041B1294-A6AF-4225-B749-35432ED99779}.Debug|Any CPU.Build.0 = Debug|Any CPU
		{041B1294-A6AF-4225-B749-35432ED99779}.Release|Any CPU.ActiveCfg = Release|Any CPU
		{041B1294-A6AF-4225-B749-35432ED99779}.Release|Any CPU.Build.0 = Release|Any CPU
	EndGlobalSection
	GlobalSection(SolutionProperties) = preSolution
		HideSolutionNode = FALSE
	EndGlobalSection
	GlobalSection(ExtensibilityGlobals) = postSolution
		SolutionGuid = {D0060988-4BC3-4C36-8ADA-576791E62182}
	EndGlobalSection
EndGlobal
