
Microsoft Visual Studio Solution File, Format Version 12.00
# Visual Studio Version 17
VisualStudioVersion = 17.5.33424.131
MinimumVisualStudioVersion = 10.0.40219.1
Project("{FAE04EC0-301F-11D3-BF4B-00C04F79EFBC}") = "M1S05_Ex1_TratExcDoisNumeros", "M1S05_Ex1_TratExcDoisNumeros\M1S05_Ex1_TratExcDoisNumeros.csproj", "{B88A658F-5E28-4D8A-9B77-A9278B686261}"
EndProject
Global
	GlobalSection(SolutionConfigurationPlatforms) = preSolution
		Debug|Any CPU = Debug|Any CPU
		Release|Any CPU = Release|Any CPU
	EndGlobalSection
	GlobalSection(ProjectConfigurationPlatforms) = postSolution
		{B88A658F-5E28-4D8A-9B77-A9278B686261}.Debug|Any CPU.ActiveCfg = Debug|Any CPU
		{B88A658F-5E28-4D8A-9B77-A9278B686261}.Debug|Any CPU.Build.0 = Debug|Any CPU
		{B88A658F-5E28-4D8A-9B77-A9278B686261}.Release|Any CPU.ActiveCfg = Release|Any CPU
		{B88A658F-5E28-4D8A-9B77-A9278B686261}.Release|Any CPU.Build.0 = Release|Any CPU
	EndGlobalSection
	GlobalSection(SolutionProperties) = preSolution
		HideSolutionNode = FALSE
	EndGlobalSection
	GlobalSection(ExtensibilityGlobals) = postSolution
		SolutionGuid = {080FA951-001C-48D9-B2FB-225FCEFB6270}
	EndGlobalSection
EndGlobal
